
Microsoft Visual Studio Solution File, Format Version 12.00
# Visual Studio Version 17
VisualStudioVersion = 17.13.35825.156 d17.13
MinimumVisualStudioVersion = 10.0.40219.1
Project("{FAE04EC0-301F-11D3-BF4B-00C04F79EFBC}") = "FSDE_Oct_24_3_ru_AWS_Test_Products", "FSDE_Oct_24_3_ru_AWS_Test_Products\FSDE_Oct_24_3_ru_AWS_Test_Products.csproj", "{5F51D534-2453-4FC2-B4BA-FD7BE3812DBF}"
EndProject
Global
	GlobalSection(SolutionConfigurationPlatforms) = preSolution
		Debug|Any CPU = Debug|Any CPU
		Release|Any CPU = Release|Any CPU
	EndGlobalSection
	GlobalSection(ProjectConfigurationPlatforms) = postSolution
		{5F51D534-2453-4FC2-B4BA-FD7BE3812DBF}.Debug|Any CPU.ActiveCfg = Debug|Any CPU
		{5F51D534-2453-4FC2-B4BA-FD7BE3812DBF}.Debug|Any CPU.Build.0 = Debug|Any CPU
		{5F51D534-2453-4FC2-B4BA-FD7BE3812DBF}.Release|Any CPU.ActiveCfg = Release|Any CPU
		{5F51D534-2453-4FC2-B4BA-FD7BE3812DBF}.Release|Any CPU.Build.0 = Release|Any CPU
	EndGlobalSection
	GlobalSection(SolutionProperties) = preSolution
		HideSolutionNode = FALSE
	EndGlobalSection
	GlobalSection(ExtensibilityGlobals) = postSolution
		SolutionGuid = {3D92C2CD-DB82-4E85-9D5D-63E1B94F64F5}
	EndGlobalSection
EndGlobal
